
Microsoft Visual Studio Solution File, Format Version 12.00
# Visual Studio Version 16
VisualStudioVersion = 16.0.30621.155
MinimumVisualStudioVersion = 10.0.40219.1
Project("{FAE04EC0-301F-11D3-BF4B-00C04F79EFBC}") = "MiniIMDBService", "MiniIMDBService\MiniIMDBService.csproj", "{9FC86BE2-D317-473B-BC5F-AD37EC8ED5E3}"
EndProject
Project("{00D1A9C2-B5F0-4AF3-8072-F6C62B433612}") = "NiceMovies", "NiceMovies\NiceMovies.sqlproj", "{51983995-0AEE-4B2A-A127-6A3F5DC09F4E}"
EndProject
Global
	GlobalSection(SolutionConfigurationPlatforms) = preSolution
		Debug|Any CPU = Debug|Any CPU
		Release|Any CPU = Release|Any CPU
	EndGlobalSection
	GlobalSection(ProjectConfigurationPlatforms) = postSolution
		{9FC86BE2-D317-473B-BC5F-AD37EC8ED5E3}.Debug|Any CPU.ActiveCfg = Debug|Any CPU
		{9FC86BE2-D317-473B-BC5F-AD37EC8ED5E3}.Debug|Any CPU.Build.0 = Debug|Any CPU
		{9FC86BE2-D317-473B-BC5F-AD37EC8ED5E3}.Release|Any CPU.ActiveCfg = Release|Any CPU
		{9FC86BE2-D317-473B-BC5F-AD37EC8ED5E3}.Release|Any CPU.Build.0 = Release|Any CPU
		{51983995-0AEE-4B2A-A127-6A3F5DC09F4E}.Debug|Any CPU.ActiveCfg = Debug|Any CPU
		{51983995-0AEE-4B2A-A127-6A3F5DC09F4E}.Debug|Any CPU.Build.0 = Debug|Any CPU
		{51983995-0AEE-4B2A-A127-6A3F5DC09F4E}.Debug|Any CPU.Deploy.0 = Debug|Any CPU
		{51983995-0AEE-4B2A-A127-6A3F5DC09F4E}.Release|Any CPU.ActiveCfg = Release|Any CPU
		{51983995-0AEE-4B2A-A127-6A3F5DC09F4E}.Release|Any CPU.Build.0 = Release|Any CPU
		{51983995-0AEE-4B2A-A127-6A3F5DC09F4E}.Release|Any CPU.Deploy.0 = Release|Any CPU
	EndGlobalSection
	GlobalSection(SolutionProperties) = preSolution
		HideSolutionNode = FALSE
	EndGlobalSection
	GlobalSection(ExtensibilityGlobals) = postSolution
		SolutionGuid = {302C9CAE-EE60-4D2A-AC08-CB2F9181FB42}
	EndGlobalSection
EndGlobal
